
Microsoft Visual Studio Solution File, Format Version 12.00
# Visual Studio Version 17
VisualStudioVersion = 17.14.37012.4 d17.14
MinimumVisualStudioVersion = 10.0.40219.1
Project("{FAE04EC0-301F-11D3-BF4B-00C04F79EFBC}") = "AIShowcase.Api", "AIShowcase.Api\AIShowcase.Api.csproj", "{A742289B-36A4-4482-81C4-F6D099C64E2C}"
EndProject
Global
	GlobalSection(SolutionConfigurationPlatforms) = preSolution
		Debug|Any CPU = Debug|Any CPU
		Release|Any CPU = Release|Any CPU
	EndGlobalSection
	GlobalSection(ProjectConfigurationPlatforms) = postSolution
		{A742289B-36A4-4482-81C4-F6D099C64E2C}.Debug|Any CPU.ActiveCfg = Debug|Any CPU
		{A742289B-36A4-4482-81C4-F6D099C64E2C}.Debug|Any CPU.Build.0 = Debug|Any CPU
		{A742289B-36A4-4482-81C4-F6D099C64E2C}.Release|Any CPU.ActiveCfg = Release|Any CPU
		{A742289B-36A4-4482-81C4-F6D099C64E2C}.Release|Any CPU.Build.0 = Release|Any CPU
	EndGlobalSection
	GlobalSection(SolutionProperties) = preSolution
		HideSolutionNode = FALSE
	EndGlobalSection
	GlobalSection(ExtensibilityGlobals) = postSolution
		SolutionGuid = {AFEE4EE9-5AC7-4BCE-887C-6AC27DC47955}
	EndGlobalSection
EndGlobal
